# This file was autogenerated by uv via the following command:
#    uv pip compile requirements/cuda126.in --python-version 3.12 --python-platform x86_64-manylinux_2_28 --index-strategy unsafe-best-match --generate-hashes --output-file requirements/cuda126.lock
annotated-doc==0.0.5 \
    --hash=sha256:117bac03a25ede5df5440e855b32d556049ca169ead221505badf432fed4b101 \
    --hash=sha256:c7e58ce09192557605d8bbd92836d7e1d520ac9580096042c0bfd197efacf1bb
    # via typer
anyio==4.14.2 \
    --hash=sha256:9f505dda5ac9f0c8309b5e8bd445a8c2bf7246f3ce950121e45ea15bc41d1494 \
    --hash=sha256:cfa139f3ed1a23ee8f88a145ddb5ac7605b8bbfd8592baacd7ce3d8bb4313c7f
    # via httpx
apache-tvm-ffi==0.1.13.post3 \
    --hash=sha256:06431d9139c20e9e5654b8929a34d92ea63a6fb4ada1bee6612f2bafb77e7054 \
    --hash=sha256:295900a3bf111f133be5dff9f4d92d943f01e5e4ce3da6234f02d0e51a8cf14d \
    --hash=sha256:32c7b40994ecd7b5670a42ff723f31e018ffe7e0cea2e67f2eaed6a86615b9dd \
    --hash=sha256:33a6b9f308870dd9b6405111319bbe22b9ba774037c5867e110b03409cc317df \
    --hash=sha256:341799f61c9e37f63ca283e39ddf5a952d09b1c7e22a60f32510666cd20677f5 \
    --hash=sha256:42c4d438f19f7d946ff04e1626066c9d04e7625dfd2761a2df0145bc6ecf3c38 \
    --hash=sha256:5d48a04a3ebc8463b0c34d8c0eba7eef23b188171fd00fef12f09d12f89d59e1 \
    --hash=sha256:5f63a19af2728b974a0b808fc71f4376896301969b2510258c991fa1f0c30d19 \
    --hash=sha256:701b85a1c14abed1cc92da8e7b76d0e4ff13802e1363b4f5111813ec1da04c12 \
    --hash=sha256:7382278abb5622f271d50e97ad7ffbb2970fd0cb836be4f7095fbcb116941582 \
    --hash=sha256:753ddb3d11390126c0a049d328e239664979268a41843542e21ae4efd24090c8 \
    --hash=sha256:7727fd0370b634b4d69c255e11aa0361bc120020940012a084d0c825fa705784 \
    --hash=sha256:8047715bce35b2a8a75d278d9a48aeec58f461f99f5a8fa57bd32b9589f23cc6 \
    --hash=sha256:a624852616364a67b16ff90509a1025128aee29e84a15279956b8f7c524ac837 \
    --hash=sha256:a6fee5dcfa6fd7a4d62311b41ccb5946e3ef9d9939ead875d2e192da8763f819 \
    --hash=sha256:ad3dd40cb94d225040ae7534717927b91a1dfe3d12a99e8ee983f22f896e17d9 \
    --hash=sha256:b2c9be6c2422423d11e0e9ba2883f8fb35ae5d568d329b3cf5df5fee2b64d19f \
    --hash=sha256:b8153f020418df39cd93c3a6beda9d8c9b6e49b4e1b96de26ea6889c32347a00 \
    --hash=sha256:bffbcc229f25668eceab522706acf7085d665c246e92ef8f5e4508d4d07feffd \
    --hash=sha256:c108c26935a609b636bb1a53df6d7c53ab776550ad04f17d6dcb35e883112f78 \
    --hash=sha256:c2d629b592e352a46a5ebffbe43c9e1ce509cf10940f1c750d70d29aa7452888 \
    --hash=sha256:c55700790af0db289ad4eff32a9cb22d30787074a629eb8942f45aa832076a89 \
    --hash=sha256:d07bd9d7c1b78f3ffd321afef400e9959cf3254db3be5fcb9a2f736180903ba8 \
    --hash=sha256:d56b55ef204351238374b00a5538e0178082928a7696a6fd82afd6ccd034a3b4 \
    --hash=sha256:db3b8c3d18dae01c6962d7052b335ff77e97b309263c49ec92aea25836fa4b97 \
    --hash=sha256:e4853ab8283ea15a094887ad561115454a47ae2d9ac776c0570f3771b9a51e65 \
    --hash=sha256:edaca70656f87831c3b4989169b1d85fe563ccd6d2e2cadc1f4f5880e1295f7a \
    --hash=sha256:f571b636af7ce906200dbd31402762eceff099013de17963a4a2d2ae9b05e400 \
    --hash=sha256:fbbab8aa62ba0afe996197267c3d7ff999c0747ba479b636589e52baf754f79e
    # via -r requirements/cuda126.in
certifi==2026.7.22 \
    --hash=sha256:62f22742b58a1a33014a2b6b706588a8d7e2a88ae7bd1a6ebe8c992928483775 \
    --hash=sha256:741e2c3b351ddf169a738da9f2c048608ff7f2c5cc02f1ebc6b118bb090d5d55
    # via
    #   httpcore
    #   httpx
click==8.5.0 \
    --hash=sha256:255bc9599cf7748b4b1a446ccc735421bd08a2ae529a8b88597d3de5664ee360 \
    --hash=sha256:ba0d2089de75ea0310e2dde03160e6ca10009947fb95a182f9b54021bb272e34
    # via huggingface-hub
cmake==4.1.0 \
    --hash=sha256:0e2fea746d746f52aa52b8498777ff665a0627d9b136bec4ae0465c38b75e799 \
    --hash=sha256:2a8790473afbb895b8e684e479f26773e4fc5c86845e3438e8488d38de9db807 \
    --hash=sha256:2d9f14b7d58e447865c111b3b90945b150724876866f5801c80970151718f710 \
    --hash=sha256:3ee38de00cad0501c7dd2b94591522381e3ef9c8468094f037a17ed9e478ef13 \
    --hash=sha256:4e3a30a4f72a8a6d8d593dc289e791f1d84352c1f629543ac8e22c62dbadb20a \
    --hash=sha256:574448a03acdf34c55a7c66485e7a8260709e8386e9145708e18e2abe5fc337b \
    --hash=sha256:5a28a87601fa5e775017bf4f5836e8e75091d08f3e5aac411256754ba54fe5c4 \
    --hash=sha256:69df62445b22d78c2002c22edeb0e85590ae788e477d222fb2ae82c871c33090 \
    --hash=sha256:7219b7e85ed03a98af89371b9dee762e236ad94e8a09ce141070e6ac6415756f \
    --hash=sha256:76e8e7d80a1a9bb5c7ec13ec8da961a8c5a997247f86a08b29f0c2946290c461 \
    --hash=sha256:7c7999c5a1d5a3a66adacc61056765557ed253dc7b8e9deab5cae546f4f9361c \
    --hash=sha256:8d39bbfee7c181e992875cd390fc6d51a317c9374656b332021a67bb40c0b07f \
    --hash=sha256:b8c2538fb557b9edd74d48c189fcde42a55ad7e2c39e04254f8c5d248ca1af4c \
    --hash=sha256:bacdd21aebdf9a42e5631cfb365beb8221783fcd27c4e04f7db8b79c43fb12df \
    --hash=sha256:c6bd346fe4d9c205310ef9a6e09ced7e610915fa982d7b649f9b12caa6fa0605 \
    --hash=sha256:d54e68d5439193265fd7211671420601f6a672b8ca220f19e6c72238b41a84c2 \
    --hash=sha256:dab375932f5962e078da8cf76ca228c21bf4bea9ddeb1308e2b35797fa30f784 \
    --hash=sha256:e77ac2554a7b8a94745add465413e3266b714766e9a5d22ac8e5b36a900a1136 \
    --hash=sha256:f2eaa6f0a25e31fe09fb0b7f40fbf208eea5f1313093ff441ecfff7dc1b80adf
    # via -r requirements/cuda126.in
cuda-bindings==12.9.7 \
    --hash=sha256:00a833d399b31071fab4cf3de2929840ae462dc4848116eeff033d09219e7116 \
    --hash=sha256:0666d3c082ef8f4b2d670950589373550e9f3bf564d635dd883f24a0b40402ff \
    --hash=sha256:11aeafa2b33995f890086b3fb0f062075176d956e9b6a6fe1a699dddc413f6ad \
    --hash=sha256:16043ef5b15ab88fe9954c5c2061b1d8007591b27f2c916331056de0ebc6187e \
    --hash=sha256:1e2a4f2ec5b67408c04bb4fbed45d214b66de1f00ee2e972865cacb8708d4e1e \
    --hash=sha256:266379e4942051f544a8e7ea1a30ead8d7e8199b6b30fcdc8917cae2bf614e61 \
    --hash=sha256:2dbcd4801954eb3508f4dc2fa0d0c8eb93eb3f45326fd61be2731418c371e7a0 \
    --hash=sha256:3747ea132642416786a8e31bf229032df3a7856911ae5426a7be53d032df183d \
    --hash=sha256:3c089aaf4f5f570ec50244c68f5a2b00a2c9a8e01e04219fd2e36e340be0d88b \
    --hash=sha256:3c47ec1a7a441d91aab32339951df7a1be53451121a12c094bba51467717a35a \
    --hash=sha256:4c7ef48c5e13ae90f3b2ecfb72f8e99ac43c8f4c43e67e1325b8aae331453687 \
    --hash=sha256:59cf4a37b0d662ba15037c9ceebe1a306ebf2c01a8235a09be13cd07094fdb74 \
    --hash=sha256:5bd89dcb78475a6d8a4620ea94b74edf0cbbeacee6d1622d8f94452c1e8d3f15 \
    --hash=sha256:62e245bfa4830d473b038d0d7e5ab9cc1b377a09d2bc9afceaf5c5bab96ab1c6 \
    --hash=sha256:64f7ade7a7a3b69001489753acc21706d9dbda32db8deb68a767a0a0aab30b68 \
    --hash=sha256:775960ac9e530717f3b48e165cc6f68684fa9a4141764fd923e4c1a9820acc73 \
    --hash=sha256:a318075ef3277ca2fdd7df5d4bf671388696b4f2b65e2c4483f1853517692e3b \
    --hash=sha256:c392ffa5010ef4073bfd9dfff4d1ae56032094ed52d3d732014f8e41a73e6b59 \
    --hash=sha256:c6496a88d84b1209d6651b0370c19c26319e157c22f6d018bf9a358cd8049041 \
    --hash=sha256:ece8dfbc22e6de96a26940ab9887eb3cfe1fc1bc3966169391cdb866bb82bb64 \
    --hash=sha256:f95debd2c54c5f087462668511bcb2b1295baa389cd6de9e768212f3cab2bbe2
    # via torch
cuda-pathfinder==1.8.0 \
    --hash=sha256:c44e574dc997fae2814721d1ae97d0fd6db76db82decbe9b753bf75de53f515e
    # via cuda-bindings
cuda-toolkit==12.6.3 \
    --hash=sha256:79d8605baeb6c2f695761e0efb54bc62dbc3c9e32eb0742df7669c07befaa8f7
    # via torch
einops==0.8.2 \
    --hash=sha256:54058201ac7087911181bfec4af6091bb59380360f069276601256a76af08193 \
    --hash=sha256:609da665570e5e265e27283aab09e7f279ade90c4f01bcfca111f3d3e13f2827
    # via -r requirements/cuda126.in
filelock==3.32.4 \
    --hash=sha256:22e58ca3b1ae3b98993b762d7338367ae64fe50252bf78d59da3bfebcdf1cedd \
    --hash=sha256:2bde2e4cf732e0153406d8a7bc80620ecf5e621fe0d25e41143c4e3b4733ff30
    # via
    #   huggingface-hub
    #   torch
fsspec==2026.7.0 \
    --hash=sha256:b57ddbafedfaef7018c1ecab32aa200a9d7ca26b77965f64e48b70061249d279 \
    --hash=sha256:c803c40f4cf860b49dea58ee3e1c33cb9c790520e233537e1340049f89b82a88
    # via
    #   huggingface-hub
    #   torch
h11==0.16.0 \
    --hash=sha256:4e35b956cf45792e4caa5885e69fba00bdbc6ffafbfa020300e549b208ee5ff1 \
    --hash=sha256:63cf8bbe7522de3bf65932fda1d9c2772064ffb3dae62d55932da54b31cb6c86
    # via httpcore
hf-xet==1.6.0 \
    --hash=sha256:0e6e21fa3cdfcdcd76748564bf593870a5e013f47d97cf10aed63aa222cff5b7 \
    --hash=sha256:23379c2f9ec8696d952b16414a2bae72cad86a52df869b050698ba60f538c675 \
    --hash=sha256:2e58454a340b3556dfa4972d5451aff4fba8dd42a236600ba1a1d2b1514f0fef \
    --hash=sha256:35cec30d75c6f9eb9c16a77cef68e85a103b72e24d4b473714ec9ff06428bab9 \
    --hash=sha256:3dc3e35441ba395006af5aaacc40ef2e603c51ef46c3530b9156185f00935ea3 \
    --hash=sha256:4fc74352a17015bd0ee90038bc9efe38db894cde45f268b6712b04fce8cd0acb \
    --hash=sha256:5153e6bb103ad49d6ea9f1b2e230db5a2ea32551ad09a706d2f61d7c7c80d80e \
    --hash=sha256:5789835d7c6bc9436962853192082374297fb72d7eff7e7762ec25ceb7e25338 \
    --hash=sha256:633dc0cd71d32da58ab8c03ad38e2fac452c15c2b0a2866ebf6ededfe0a5061d \
    --hash=sha256:70cbb9c896901600128cb9b6f06e132954fbede1db30f31f7c6c63f84cb7c31d \
    --hash=sha256:75765820ce4700db3750c94acc8fe27c5fae4c9ec000a0dbac3ca082acf97765 \
    --hash=sha256:8fb4f71cba6129110c3374a33f919001ff130488fc23553698e34cc1c2a1198c \
    --hash=sha256:948f15d3a9545cfe5932f6bd8b440f6ae630aee108f14b7bd6c561f7c2dcc522 \
    --hash=sha256:d62671bb130879cef0ee4c9ebe47a14af6c66ec53e6d84dc15936e5ffdfac82f \
    --hash=sha256:f0906082d9932ae0c0057fa194041c22b4e2cdb46b2592ef3b91f020d62a081a \
    --hash=sha256:f2f7278c05c22fd60cb436cda1269649b3e81db65ecdc8496e5e164aa4143e7b \
    --hash=sha256:fb4fadde1b2b70bf4c0c14a6dccbe7194b1c28947fefd5bbe3fed9d940676c3b
    # via huggingface-hub
httpcore==1.0.9 \
    --hash=sha256:2d400746a40668fc9dec9810239072b40b4484b640a8c38fd654a024c7a1bf55 \
    --hash=sha256:6e34463af53fd2ab5d807f399a9b45ea31c3dfa2276f15a2c3f00afff6e176e8
    # via httpx
httpx==0.28.1 \
    --hash=sha256:75e98c5f16b0f35b567856f597f06ff2270a374470a5c2392242528e3e3e42fc \
    --hash=sha256:d909fcccc110f8c7faf814ca82a9a4d816bc5a6dbfea25d6591d6985b8ba59ad
    # via huggingface-hub
huggingface-hub==1.29.0 \
    --hash=sha256:6ebb385a581435325cf6d5c5b233d5d4bc91175834d99fd65dae14379b36e9ad \
    --hash=sha256:b00f7782afc14db4bc6572763810a635bdfbab8623d957bfb553bd18e03852cd
    # via
    #   -r requirements/cuda126.in
    #   tokenizers
    #   transformers
idna==3.19 \
    --hash=sha256:5e0811a4383b21dc5838069f801c4fb62113b7447663d2530d2bd6e77b49bf15 \
    --hash=sha256:815e7be7a7806d54abb586dc943addc79e8b2ee16915059658cbeff4b1b43bf4
    # via
    #   anyio
    #   httpx
jinja2==3.1.6 \
    --hash=sha256:85ece4451f492d0c13c5dd7c13a64681a86afae63a5f347908daf103ce6d2f67
    # via torch
markdown-it-py==4.2.0 \
    --hash=sha256:04a21681d6fbb623de53f6f364d352309d4094dd4194040a10fd51833e418d49 \
    --hash=sha256:9f7ebbcd14fe59494226453aed97c1070d83f8d24b6fc3a3bcf9a38092641c4a
    # via rich
markupsafe==3.0.3 \
    --hash=sha256:d6dd0be5b5b189d31db7cda48b91d7e0a9795f31430b7f271219ab30f1d3ac9d
    # via jinja2
mdurl==0.1.2 \
    --hash=sha256:84008a41e51615a49fc9966191ff91509e3c40b939176e643fd50a5c2196b8f8 \
    --hash=sha256:bb413d29f5eea38f31dd4754dd7377d4465116fb207585f97bf925588687c1ba
    # via markdown-it-py
mpmath==1.3.0 \
    --hash=sha256:7a28eb2a9774d00c7bc92411c19a89209d5da7c4c9a9e227be8330a23a25b91f \
    --hash=sha256:a0b2b9fe80bbcd81a6647ff13108738cfb482d481d826cc0e02f5b35e5c88d2c
    # via sympy
networkx==3.6.1 \
    --hash=sha256:26b7c357accc0c8cde558ad486283728b65b6a95d85ee1cd66bafab4c8168509 \
    --hash=sha256:d47fbf302e7d9cbbb9e2555a0d267983d2aa476bac30e90dfbe5669bd57f3762
    # via torch
ninja==1.13.0 \
    --hash=sha256:11be2d22027bde06f14c343f01d31446747dbb51e72d00decca2eb99be911e2f \
    --hash=sha256:1c97223cdda0417f414bf864cfb73b72d8777e57ebb279c5f6de368de0062988 \
    --hash=sha256:3c0b40b1f0bba764644385319028650087b4c1b18cdfa6f45cb39a3669b81aa9 \
    --hash=sha256:3d00c692fb717fd511abeb44b8c5d00340c36938c12d6538ba989fe764e79630 \
    --hash=sha256:3d7d7779d12cb20c6d054c61b702139fd23a7a964ec8f2c823f1ab1b084150db \
    --hash=sha256:4a40ce995ded54d9dc24f8ea37ff3bf62ad192b547f6c7126e7e25045e76f978 \
    --hash=sha256:4be9c1b082d244b1ad7ef41eb8ab088aae8c109a9f3f0b3e56a252d3e00f42c1 \
    --hash=sha256:5f8e1e8a1a30835eeb51db05cf5a67151ad37542f5a4af2a438e9490915e5b72 \
    --hash=sha256:60056592cf495e9a6a4bea3cd178903056ecb0943e4de45a2ea825edb6dc8d3e \
    --hash=sha256:6739d3352073341ad284246f81339a384eec091d9851a886dfa5b00a6d48b3e2 \
    --hash=sha256:8cfbb80b4a53456ae8a39f90ae3d7a2129f45ea164f43fadfa15dc38c4aef1c9 \
    --hash=sha256:aa45b4037b313c2f698bc13306239b8b93b4680eb47e287773156ac9e9304714 \
    --hash=sha256:b4f2a072db3c0f944c32793e91532d8948d20d9ab83da9c0c7c15b5768072200 \
    --hash=sha256:be7f478ff9f96a128b599a964fc60a6a87b9fa332ee1bd44fa243ac88d50291c \
    --hash=sha256:d741a5e6754e0bda767e3274a0f0deeef4807f1fec6c0d7921a0244018926ae5 \
    --hash=sha256:e8bad11f8a00b64137e9b315b137d8bb6cbf3086fbdc43bf1f90fd33324d2e96 \
    --hash=sha256:fa2a8bfc62e31b08f83127d1613d10821775a0eb334197154c4d6067b7068ff1 \
    --hash=sha256:fb46acf6b93b8dd0322adc3a4945452a4e774b75b91293bafcc7b7f8e6517dfa \
    --hash=sha256:fb8ee8719f8af47fed145cced4a85f0755dd55d45b2bddaf7431fa89803c5f3e
    # via -r requirements/cuda126.in
numpy==2.5.2 \
    --hash=sha256:0090ccdd57ec2703e9b49d0bf554767370581c1dd0a6b2bb2b2d9def317d042a \
    --hash=sha256:078f9b027b478c9379b9677babbf0f8b8f1ecfada27636d7b9a93990c638739f \
    --hash=sha256:07d4e89f3a9ab0a9ba24264ccdb642b3dd951b2281e8883a5481a4aa79cc31a7 \
    --hash=sha256:0a4035ae1129ff8777f08bfbd44f1e5d8e9c049ce0c2dd78fc0d92c13e7251c0 \
    --hash=sha256:0aadf13b60048d501e05fa699efaf7734e2494f3498a4c2a5521d822640324f3 \
    --hash=sha256:14e373cfc6387177e8409dac3c7159be8eb05cd77096cd7c950268b86f62831c \
    --hash=sha256:1ab3d4a901f844ea836c3e80bf463c6a27d7f3c14e8e292fcf28d348b25b9bce \
    --hash=sha256:24b9dc2e3d84aa58523798805194e23e736f3f6ce2d1a5b92583ae734e6dbda8 \
    --hash=sha256:27650bb0e7140fa3d37b9923b4803645e0b125d190f326eecfd3f4dad8e8ade1 \
    --hash=sha256:28ac63476ec7651484215ee7fa15a1f78b57c14621f01e392afe17b9a1390ce4 \
    --hash=sha256:29b86ff8a6cc556b47ec6b64b194815cc80e6bf5eedcc6cddfd65318cb0b4eee \
    --hash=sha256:29d81e97f668489cba8ebfd796b9bdd453525d35dd9e162e2daec94bf3fc7740 \
    --hash=sha256:2cc779226e476d1e1f08c74068c419e60f41a9e0e069c92f6671d31d5c985e98 \
    --hash=sha256:2ffa7bacab3e2ee1b19ed31766bb60bb380b68c23f051e199c5cc598afd68710 \
    --hash=sha256:318b9a4c845dbea06708a29c84ee429cc3065048db34cdb799047643492050ee \
    --hash=sha256:34c319e2963be042673fb46570501b2f06c41924e17e3563d58646b4380dfb68 \
    --hash=sha256:3a2f061cebd9e3d23bdcfaaded5e2293a4c6a5b60fa42df85d410a725ce621bf \
    --hash=sha256:3cdec01fa790a186d430433fdd4d4ffb70eed6f0eeb4bf05c8dbe2dce0a9bcb8 \
    --hash=sha256:3e4c367352d3747784248a227fbec218e193b56f7e6692e3b64fc805478ecfdf \
    --hash=sha256:40f4d451aed46a8046a1aae41c4e55fb3612273df9c502480135e1501576a34b \
    --hash=sha256:44ef9675d908e65f9953063837c3277730f3f4437615a4cdab67b366cabaf884 \
    --hash=sha256:4bbd96c833ecc8cc069ce518078fc8c60cb9cbfb0fea5b7a803ad65035596d03 \
    --hash=sha256:4ec954036759bcee3aa484f8603bd9c14f3e776293b85578b8734c2d72777c69 \
    --hash=sha256:4f9744f9fbdcea0bc552e8f19e1f141f811a3f9bc2be2cc6e86d982cab23e3f4 \
    --hash=sha256:50a68f4bacd8a2b33d8da3d2269d0d78500f86ea582e4786dc10f5ef2c2c6842 \
    --hash=sha256:50e500dc868e9313530ce12ba470fe50ff3afe3d62993ed6eff652dacd555b65 \
    --hash=sha256:52c808f96484f5571a5cc863775ce50247c17dfb3b0361f8ed6b4b0456f80080 \
    --hash=sha256:5f8e00be2ec6f45f4e8a41a527f68d44a7d96fee92a650e4d8b1326f77f61e6e \
    --hash=sha256:60e902ac295855348a5ca2ea4c89108989a9f5fddfad3dfc0a8f36b10358567e \
    --hash=sha256:65f188481f1669e26f62b701e8205d19e460fa4a9b52a1414ba382330e4a3414 \
    --hash=sha256:6950c4b7dd562453090548ba7f5da7e59f57f85663f15d5dcc60e249192f7e59 \
    --hash=sha256:6a9bb119fb8dd21ba30b3f0e555b7e2b081bd9883af21ec9c1c633d161cda3a8 \
    --hash=sha256:6b588cc8f902d6bff201c19fd00c43ab8545671e3554d014e12e14139e5e8617 \
    --hash=sha256:6df895598c0edcb41030126c89e0f353b07d93238116143b7405e937359736c4 \
    --hash=sha256:6e8172ddfcf5cf74b811d372b570b83c60bd2de87a6fbfbebdadb4a9bd9c6cbb \
    --hash=sha256:7354826bc6f8f69402e9b7fe28d15fcd34feebd74f856f111585c5b0c9fb0251 \
    --hash=sha256:7587f53dfbd5edc0f7b87c6217b4c6d2d1f2ef9c3da70bc1315e7db5f8d7ec9d \
    --hash=sha256:77843ca236b777e67f8d6b3660ea116e499612703a0ecd7093f316201eb9d8e2 \
    --hash=sha256:7999d4ddb0c4025018373fd787510d46e04c769467af22869707b3c1cfd459ab \
    --hash=sha256:85aaccb24182c25df891ad0ec333585967e115269d5f1b17f2c9ae005bc96657 \
    --hash=sha256:8e4cb9a754c8a0c62eaa88273a5fba3391f4a610d1dee893c0755da31c083f15 \
    --hash=sha256:8ee9c4eeb8454b3660a8b53493563c3e121c2fc94fbd72b848ef814ed7b676a9 \
    --hash=sha256:9a0731745a72a184490a582fb4af2533512bd071ace67785b5fdffc0ae58dce8 \
    --hash=sha256:9e9413326d726c2545bfa65d2c0876871e8d8386e77f992c1d426e180bbd4323 \
    --hash=sha256:a610dc7e3c52edd39c2bc2375ff9c3fd59cb3ad00e4472d36f83bc1457145788 \
    --hash=sha256:a839318485284a6fb31be4f8f2c91c8f2cb22f4543c4a8903f12b0671ffe07cc \
    --hash=sha256:afb3f0632d6b2e3ba04dbce8d1e48d321b369138b73830b5ca371a0e8d479d56 \
    --hash=sha256:b879fb674276e331513fb136b78dbc6bd3c848309e0d841cfd63be3896c4cfc1 \
    --hash=sha256:b9727f472d2f3888053b8a75ab0cb94745a9de224bb5846dbadc0092101bc71d \
    --hash=sha256:ba0a474801b8dc67b66bf465548abc90e82b44d2611b5770f33008dcabffe8ec \
    --hash=sha256:bd68ece1553d2023c09a4226d9e41c586ad2d20594d1a456186c33513d2cb3f2 \
    --hash=sha256:c081cbe16ba1ab53078e5ff29013621e33c509eedab055775d956427712c236e \
    --hash=sha256:c1f017dc0875c9209d219f97feceb7d54c2661bb243deb4114478e1295808af7 \
    --hash=sha256:cebc2d6dbb605a7703d59751dea4bd6b0ab127a5a4338a6f432df1936fef8b26 \
    --hash=sha256:cf7de32f486e4ac9e2d93b810f9e9ac72a728dd46a32a0bb403222f27f653514 \
    --hash=sha256:d482d171c406ae88c5b19cad3b6a1c4c5209f886ab74bc44c2c865c23f52d860 \
    --hash=sha256:d6a48072864e3324e194a8fbb3c657bcc5b5c869dbc64c9537b1d5c862572c0a \
    --hash=sha256:d787cf769c3baeb5f6235e778edb52c08dfa923789b5958f28e6450f96107cb1 \
    --hash=sha256:dc649493697006bc90614a5f0bbc8cb3cb1866715c474e473694968d7e6b99ab \
    --hash=sha256:ddf47472af2e4280d79bac82304f5e80150211f1b9e614b760061d5fdfbb6eba \
    --hash=sha256:e5651f3f87add730ee6608d915009e19c911fba0cb000c7e3ea994b7d768eb12 \
    --hash=sha256:e79aba74ffaf5f78a050d777c184cddf8fdffabab38acf5f3ef1fecbc17895d6 \
    --hash=sha256:eaa088384c46f519dacb93b7ec483a6d6b19a4a2085ae4f25ab9b1c43d387d1e \
    --hash=sha256:eaca7ff36f0f52e2111ec71f169d8fd3e889e7ddc0d2592e0d703fd8d3ce8fac \
    --hash=sha256:f06571a052127dc1b4e8b83029b4d1b20daa2b64a31cdd181fc6bc774e9000eb \
    --hash=sha256:fd0d703772bba096843785bd38371e31bb4a0c1151497ad5739d182114a73f7f
    # via transformers
nvidia-cublas-cu12==12.6.4.1 \
    --hash=sha256:08ed2686e9875d01b58e3cb379c6896df8e76c75e0d4a7f7dace3d7b6d9ef8eb \
    --hash=sha256:235f728d6e2a409eddf1df58d5b0921cf80cfa9e72b9f2775ccb7b4a87984668 \
    --hash=sha256:9e4fa264f4d8a4eb0cdbd34beadc029f453b3bafae02401e999cf3d5a5af75f8
    # via
    #   cuda-toolkit
    #   nvidia-cudnn-cu12
    #   nvidia-cusolver-cu12
nvidia-cuda-cupti-cu12==12.6.80 \
    --hash=sha256:166ee35a3ff1587f2490364f90eeeb8da06cd867bd5b701bf7f9a02b78bc63fc \
    --hash=sha256:358b4a1d35370353d52e12f0a7d1769fc01ff74a191689d3870b2123156184c4 \
    --hash=sha256:6768bad6cab4f19e8292125e5f1ac8aa7d1718704012a0e3272a6f61c4bce132 \
    --hash=sha256:a3eff6cdfcc6a4c35db968a06fcadb061cbc7d6dde548609a941ff8701b98b73 \
    --hash=sha256:bbe6ae76e83ce5251b56e8c8e61a964f757175682bbad058b170b136266ab00a
    # via cuda-toolkit
nvidia-cuda-nvrtc-cu12==12.6.85 \
    --hash=sha256:3f3134f50963882373063901657554f230bedf6039d30b09f6be55c64c993a37 \
    --hash=sha256:800927308ccc5dd6246d3f61f7fcef2ed7ec4e59e199090d360d3293f78bd5a2 \
    --hash=sha256:a419e2c95e75b88b602f8bb66f82a6c5651e8475a509841c958486b1b71510bf
    # via cuda-toolkit
nvidia-cuda-runtime-cu12==12.6.77 \
    --hash=sha256:6116fad3e049e04791c0256a9778c16237837c08b27ed8c8401e2e45de8d60cd \
    --hash=sha256:86c58044c824bf3c173c49a2dbc7a6c8b53cb4e4dca50068be0bf64e9dab3f7f \
    --hash=sha256:a84d15d5e1da416dd4774cb42edf5e954a3e60cc945698dc1d5be02321c44dc8 \
    --hash=sha256:ba3b56a4f896141e25e19ab287cd71e52a6a0f4b29d0d31609f60e3b4d5219b7 \
    --hash=sha256:d461264ecb429c84c8879a7153499ddc7b19b5f8d84c204307491989a365588e
    # via cuda-toolkit
nvidia-cudnn-cu12==9.10.2.21 \
    --hash=sha256:949452be657fa16687d0930933f032835951ef0892b37d2d53824d1a84dc97a8 \
    --hash=sha256:c6288de7d63e6cf62988f0923f96dc339cea362decb1bf5b3141883392a7d65e \
    --hash=sha256:c9132cc3f8958447b4910a1720036d9eff5928cc3179b0a51fb6d167c6cc87d8
    # via torch
nvidia-cufft-cu12==11.3.0.4 \
    --hash=sha256:6048ebddfb90d09d2707efb1fd78d4e3a77cb3ae4dc60e19aab6be0ece2ae464 \
    --hash=sha256:768160ac89f6f7b459bee747e8d175dbf53619cfe74b2a5636264163138013ca \
    --hash=sha256:8510990de9f96c803a051822618d42bf6cb8f069ff3f48d93a8486efdacb48fb \
    --hash=sha256:ccba62eb9cef5559abd5e0d54ceed2d9934030f51163df018532142a8ec533e5 \
    --hash=sha256:d16079550df460376455cba121db6564089176d9bac9e4f360493ca4741b22a6
    # via cuda-toolkit
nvidia-cufile-cu12==1.11.1.6 \
    --hash=sha256:8f57a0051dcf2543f6dc2b98a98cb2719c37d3cee1baba8965d57f3bbc90d4db \
    --hash=sha256:cc23469d1c7e52ce6c1d55253273d32c565dd22068647f3aa59b3c6b005bf159
    # via cuda-toolkit
nvidia-curand-cu12==10.3.7.77 \
    --hash=sha256:6d6d935ffba0f3d439b7cd968192ff068fafd9018dbf1b85b37261b13cfc9905 \
    --hash=sha256:6e82df077060ea28e37f48a3ec442a8f47690c7499bff392a5938614b56c98d8 \
    --hash=sha256:7b2ed8e95595c3591d984ea3603dd66fe6ce6812b886d59049988a712ed06b6e \
    --hash=sha256:99f1a32f1ac2bd134897fc7a203f779303261268a65762a623bf30cc9fe79117 \
    --hash=sha256:a42cd1344297f70b9e39a1e4f467a4e1c10f1da54ff7a85c12197f6c652c8bdf
    # via cuda-toolkit
nvidia-cusolver-cu12==11.7.1.2 \
    --hash=sha256:0ce237ef60acde1efc457335a2ddadfd7610b892d94efee7b776c64bb1cac9e0 \
    --hash=sha256:6813f9d8073f555444a8705f3ab0296d3e1cb37a16d694c5fc8b862a0d8706d7 \
    --hash=sha256:6cf28f17f64107a0c4d7802be5ff5537b2130bfc112f25d5a30df227058ca0e6 \
    --hash=sha256:dbbe4fc38ec1289c7e5230e16248365e375c3673c9c8bac5796e2e20db07f56e \
    --hash=sha256:e9e49843a7707e42022babb9bcfa33c29857a93b88020c4e4434656a655b698c
    # via cuda-toolkit
nvidia-cusparse-cu12==12.5.4.2 \
    --hash=sha256:23749a6571191a215cb74d1cdbff4a86e7b19f1200c071b3fcf844a5bea23a2f \
    --hash=sha256:4acb8c08855a26d737398cba8fb6f8f5045d93f82612b4cfd84645a2332ccf20 \
    --hash=sha256:7556d9eca156e18184b94947ade0fba5bb47d69cec46bf8660fd2c71a4b48b73 \
    --hash=sha256:7aa32fa5470cf754f72d1116c7cbc300b4e638d3ae5304cfa4a638a5b87161b1 \
    --hash=sha256:d25b62fb18751758fe3c93a4a08eff08effedfe4edf1c6bb5afd0890fe88f887
    # via
    #   cuda-toolkit
    #   nvidia-cusolver-cu12
nvidia-cusparselt-cu12==0.7.1 \
    --hash=sha256:8878dce784d0fac90131b6817b607e803c36e629ba34dc5b433471382196b6a5 \
    --hash=sha256:f1bb701d6b930d5a7cea44c19ceb973311500847f81b634d802b7b539dc55623 \
    --hash=sha256:f67fbb5831940ec829c9117b7f33807db9f9678dc2a617fbe781cac17b4e1075
    # via torch
nvidia-nccl-cu12==2.28.9 \
    --hash=sha256:485776daa8447da5da39681af455aa3b2c2586ddcf4af8772495e7c532c7e5ab \
    --hash=sha256:50a36e01c4a090b9f9c47d92cec54964de6b9fcb3362d0e19b8ffc6323c21b60
    # via torch
nvidia-nvjitlink-cu12==12.6.85 \
    --hash=sha256:cf4eaa7d4b6b543ffd69d6abfb11efdeb2db48270d94dfd3a452c24150829e41 \
    --hash=sha256:e61120e52ed675747825cdd16febc6a0730537451d867ee58bee3853b1b13d1c \
    --hash=sha256:eedc36df9e88b682efe4309aa16b5b4e78c2407eac59e8c10a6a47535164369a
    # via
    #   cuda-toolkit
    #   nvidia-cufft-cu12
    #   nvidia-cusolver-cu12
    #   nvidia-cusparse-cu12
nvidia-nvshmem-cu12==3.4.5 \
    --hash=sha256:042f2500f24c021db8a06c5eec2539027d57460e1c1a762055a6554f72c369bd \
    --hash=sha256:0b48363fc6964dede448029434c6abed6c5e37f823cb43c3bcde7ecfc0457e15
    # via torch
nvidia-nvtx-cu12==12.6.77 \
    --hash=sha256:2fb11a4af04a5e6c84073e6404d26588a34afd35379f0855a99797897efa75c0 \
    --hash=sha256:6574241a3ec5fdc9334353ab8c479fe75841dbe8f4532a8fc97ce63503330ba1 \
    --hash=sha256:adcaabb9d436c9761fca2b13959a2d237c5f9fd406c8e4b723c695409ff88059 \
    --hash=sha256:b90bed3df379fa79afbd21be8e04a0314336b8ae16768b58f2d34cb1d04cd7d2 \
    --hash=sha256:f44f8d86bb7d5629988d61c8d3ae61dddb2015dee142740536bc7481b022fe4b
    # via cuda-toolkit
packaging==26.3 \
    --hash=sha256:94edc256424af38762eb31306eed28beb9f0efc50a8837492c9d6fd6004aed79 \
    --hash=sha256:d7193f7c8e4e93f444fde0262bf90af30e16fa0ad0ad44cb553c87339b23cd1c
    # via
    #   huggingface-hub
    #   transformers
pygments==2.21.0 \
    --hash=sha256:2363c69b61c4a97c838da3b130dcd6468f4848992b21a82f2a63ec34377137d9 \
    --hash=sha256:610ca751c9bc2492b38eb9a38a7fbc93edbbb2d7182edaf34e66ae493dee5c8c
    # via rich
pyyaml==6.0.3 \
    --hash=sha256:00c4bdeba853cc34e7dd471f16b4114f4162dc03e6b7afcc2128711f0eca823c \
    --hash=sha256:0150219816b6a1fa26fb4699fb7daa9caf09eb1999f3b70fb6e786805e80375a \
    --hash=sha256:02893d100e99e03eda1c8fd5c441d8c60103fd175728e23e431db1b589cf5ab3 \
    --hash=sha256:02ea2dfa234451bbb8772601d7b8e426c2bfa197136796224e50e35a78777956 \
    --hash=sha256:0f29edc409a6392443abf94b9cf89ce99889a1dd5376d94316ae5145dfedd5d6 \
    --hash=sha256:10892704fc220243f5305762e276552a0395f7beb4dbf9b14ec8fd43b57f126c \
    --hash=sha256:16249ee61e95f858e83976573de0f5b2893b3677ba71c9dd36b9cf8be9ac6d65 \
    --hash=sha256:1d37d57ad971609cf3c53ba6a7e365e40660e3be0e5175fa9f2365a379d6095a \
    --hash=sha256:1ebe39cb5fc479422b83de611d14e2c0d3bb2a18bbcb01f229ab3cfbd8fee7a0 \
    --hash=sha256:214ed4befebe12df36bcc8bc2b64b396ca31be9304b8f59e25c11cf94a4c033b \
    --hash=sha256:2283a07e2c21a2aa78d9c4442724ec1eb15f5e42a723b99cb3d822d48f5f7ad1 \
    --hash=sha256:22ba7cfcad58ef3ecddc7ed1db3409af68d023b7f940da23c6c2a1890976eda6 \
    --hash=sha256:27c0abcb4a5dac13684a37f76e701e054692a9b2d3064b70f5e4eb54810553d7 \
    --hash=sha256:28c8d926f98f432f88adc23edf2e6d4921ac26fb084b028c733d01868d19007e \
    --hash=sha256:2e71d11abed7344e42a8849600193d15b6def118602c4c176f748e4583246007 \
    --hash=sha256:34d5fcd24b8445fadc33f9cf348c1047101756fd760b4dacb5c3e99755703310 \
    --hash=sha256:37503bfbfc9d2c40b344d06b2199cf0e96e97957ab1c1b546fd4f87e53e5d3e4 \
    --hash=sha256:3c5677e12444c15717b902a5798264fa7909e41153cdf9ef7ad571b704a63dd9 \
    --hash=sha256:3ff07ec89bae51176c0549bc4c63aa6202991da2d9a6129d7aef7f1407d3f295 \
    --hash=sha256:41715c910c881bc081f1e8872880d3c650acf13dfa8214bad49ed4cede7c34ea \
    --hash=sha256:418cf3f2111bc80e0933b2cd8cd04f286338bb88bdc7bc8e6dd775ebde60b5e0 \
    --hash=sha256:44edc647873928551a01e7a563d7452ccdebee747728c1080d881d68af7b997e \
    --hash=sha256:4a2e8cebe2ff6ab7d1050ecd59c25d4c8bd7e6f400f5f82b96557ac0abafd0ac \
    --hash=sha256:4ad1906908f2f5ae4e5a8ddfce73c320c2a1429ec52eafd27138b7f1cbe341c9 \
    --hash=sha256:501a031947e3a9025ed4405a168e6ef5ae3126c59f90ce0cd6f2bfc477be31b7 \
    --hash=sha256:5190d403f121660ce8d1d2c1bb2ef1bd05b5f68533fc5c2ea899bd15f4399b35 \
    --hash=sha256:5498cd1645aa724a7c71c8f378eb29ebe23da2fc0d7a08071d89469bf1d2defb \
    --hash=sha256:5cf4e27da7e3fbed4d6c3d8e797387aaad68102272f8f9752883bc32d61cb87b \
    --hash=sha256:5e0b74767e5f8c593e8c9b5912019159ed0533c70051e9cce3e8b6aa699fcd69 \
    --hash=sha256:5ed875a24292240029e4483f9d4a4b8a1ae08843b9c54f43fcc11e404532a8a5 \
    --hash=sha256:5fcd34e47f6e0b794d17de1b4ff496c00986e1c83f7ab2fb8fcfe9616ff7477b \
    --hash=sha256:5fdec68f91a0c6739b380c83b951e2c72ac0197ace422360e6d5a959d8d97b2c \
    --hash=sha256:6344df0d5755a2c9a276d4473ae6b90647e216ab4757f8426893b5dd2ac3f369 \
    --hash=sha256:64386e5e707d03a7e172c0701abfb7e10f0fb753ee1d773128192742712a98fd \
    --hash=sha256:652cb6edd41e718550aad172851962662ff2681490a8a711af6a4d288dd96824 \
    --hash=sha256:66291b10affd76d76f54fad28e22e51719ef9ba22b29e1d7d03d6777a9174198 \
    --hash=sha256:66e1674c3ef6f541c35191caae2d429b967b99e02040f5ba928632d9a7f0f065 \
    --hash=sha256:6adc77889b628398debc7b65c073bcb99c4a0237b248cacaf3fe8a557563ef6c \
    --hash=sha256:79005a0d97d5ddabfeeea4cf676af11e647e41d81c9a7722a193022accdb6b7c \
    --hash=sha256:7c6610def4f163542a622a73fb39f534f8c101d690126992300bf3207eab9764 \
    --hash=sha256:7f047e29dcae44602496db43be01ad42fc6f1cc0d8cd6c83d342306c32270196 \
    --hash=sha256:8098f252adfa6c80ab48096053f512f2321f0b998f98150cea9bd23d83e1467b \
    --hash=sha256:850774a7879607d3a6f50d36d04f00ee69e7fc816450e5f7e58d7f17f1ae5c00 \
    --hash=sha256:8d1fab6bb153a416f9aeb4b8763bc0f22a5586065f86f7664fc23339fc1c1fac \
    --hash=sha256:8da9669d359f02c0b91ccc01cac4a67f16afec0dac22c2ad09f46bee0697eba8 \
    --hash=sha256:8dc52c23056b9ddd46818a57b78404882310fb473d63f17b07d5c40421e47f8e \
    --hash=sha256:9149cad251584d5fb4981be1ecde53a1ca46c891a79788c0df828d2f166bda28 \
    --hash=sha256:93dda82c9c22deb0a405ea4dc5f2d0cda384168e466364dec6255b293923b2f3 \
    --hash=sha256:96b533f0e99f6579b3d4d4995707cf36df9100d67e0c8303a0c55b27b5f99bc5 \
    --hash=sha256:9c57bb8c96f6d1808c030b1687b9b5fb476abaa47f0db9c0101f5e9f394e97f4 \
    --hash=sha256:9c7708761fccb9397fe64bbc0395abcae8c4bf7b0eac081e12b809bf47700d0b \
    --hash=sha256:9f3bfb4965eb874431221a3ff3fdcddc7e74e3b07799e0e84ca4a0f867d449bf \
    --hash=sha256:a33284e20b78bd4a18c8c2282d549d10bc8408a2a7ff57653c0cf0b9be0afce5 \
    --hash=sha256:a80cb027f6b349846a3bf6d73b5e95e782175e52f22108cfa17876aaeff93702 \
    --hash=sha256:b30236e45cf30d2b8e7b3e85881719e98507abed1011bf463a8fa23e9c3e98a8 \
    --hash=sha256:b3bc83488de33889877a0f2543ade9f70c67d66d9ebb4ac959502e12de895788 \
    --hash=sha256:b865addae83924361678b652338317d1bd7e79b1f4596f96b96c77a5a34b34da \
    --hash=sha256:b8bb0864c5a28024fac8a632c443c87c5aa6f215c0b126c449ae1a150412f31d \
    --hash=sha256:ba1cc08a7ccde2d2ec775841541641e4548226580ab850948cbfda66a1befcdc \
    --hash=sha256:bdb2c67c6c1390b63c6ff89f210c8fd09d9a1217a465701eac7316313c915e4c \
    --hash=sha256:c1ff362665ae507275af2853520967820d9124984e0f7466736aea23d8611fba \
    --hash=sha256:c2514fceb77bc5e7a2f7adfaa1feb2fb311607c9cb518dbc378688ec73d8292f \
    --hash=sha256:c3355370a2c156cffb25e876646f149d5d68f5e0a3ce86a5084dd0b64a994917 \
    --hash=sha256:c458b6d084f9b935061bc36216e8a69a7e293a2f1e68bf956dcd9e6cbcd143f5 \
    --hash=sha256:d0eae10f8159e8fdad514efdc92d74fd8d682c933a6dd088030f3834bc8e6b26 \
    --hash=sha256:d76623373421df22fb4cf8817020cbb7ef15c725b9d5e45f17e189bfc384190f \
    --hash=sha256:ebc55a14a21cb14062aa4162f906cd962b28e2e9ea38f9b4391244cd8de4ae0b \
    --hash=sha256:eda16858a3cab07b80edaf74336ece1f986ba330fdb8ee0d6c0d68fe82bc96be \
    --hash=sha256:ee2922902c45ae8ccada2c5b501ab86c36525b883eff4255313a253a3160861c \
    --hash=sha256:efd7b85f94a6f21e4932043973a7ba2613b059c4a000551892ac9f1d11f5baf3 \
    --hash=sha256:f7057c9a337546edc7973c0d3ba84ddcdf0daa14533c2065749c9075001090e6 \
    --hash=sha256:fa160448684b4e94d80416c0fa4aac48967a969efe22931448d853ada8baf926 \
    --hash=sha256:fc09d0aa354569bc501d4e787133afc08552722d3ab34836a80547331bb5d4a0
    # via
    #   huggingface-hub
    #   transformers
regex==2026.7.19 \
    --hash=sha256:062f8cb7a9739c4835d22bd96f370c59aba89f257adcfa53be3cc209e08d3ae0 \
    --hash=sha256:064f1760a5a4ade65c5419be23e782f29147528e8a66e0c42dd4cedb8d4e9fc6 \
    --hash=sha256:09523a592938aa9f587fb74467c63ff0cf88fc3df14c82ab0f0517dcf76aaa62 \
    --hash=sha256:09d3007fc76249a83cdd33de160d50e6cb77f54e09d8fa9e7148e10607ce24af \
    --hash=sha256:09f3e5287f94f17b709dc9a9e70865855feee835c861613be144218ce4ca82cc \
    --hash=sha256:0c41c63992bf1874cebb6e7f56fd7d3c007924659a604ae3d90e427d40d4fd13 \
    --hash=sha256:0e9554c8785eac5cffe6300f69a91f58ba72bc88a5f8d661235ad7c6aa5b8ccd \
    --hash=sha256:1123ef4211d763ee771d47916a1596e2f4915794f7aabdc1adcb20e4249a6951 \
    --hash=sha256:15b364b9b98d6d2fe1a85034c23a3180ff913f46caddc3895f6fd65186255ccc \
    --hash=sha256:1649eb39fcc9ea80c4d2f110fde2b8ab2aef3877b98f02ab9b14e961f418c511 \
    --hash=sha256:17ed5692f6acc4183e98331101a5f9e4f64d72fe58b753da4d444a2c77d05b12 \
    --hash=sha256:199535629f25caf89698039af3d1ad5fcae7f933e2112c73f1cdf49165c99518 \
    --hash=sha256:1c398716054621aa300b3d411f467dda903806c5da0df6945ab73982b8d115db \
    --hash=sha256:1d3372064506b94dd2c67c845f2db8062e9e9ba84d04e33cb96d7d33c11fe1ae \
    --hash=sha256:1d58561843f0ff7dc78b4c28b5e2dc388f3eff94ebc8a232a3adba961fc00009 \
    --hash=sha256:1d793a7988e04fcb1e2e135567443d82173225d657419ec09414a9b5a145b986 \
    --hash=sha256:1ebac3474b8589fce2f9b225b650afd61448f7c73a5d0255a10cc6366471aed1 \
    --hash=sha256:20568e182eb82d39a6bf7cff3fd58566f14c75c6f74b2c8c96537eecf9010e3a \
    --hash=sha256:22a992de9a0d91bda927bf02b94351d737a0302905432c88a53de7c4b9ce62e2 \
    --hash=sha256:2955907b7157a6660f27079edf7e0229e9c9c5325c77a2ef6a890cba91efa6f0 \
    --hash=sha256:2c4e61e2e1be56f63ec3cc618aa9e0de81ef6f43d177205451840022e24f5b78 \
    --hash=sha256:2cc3460cedf7579948486eab03bc9ad7089df4d7281c0f47f4afe03e8d13f02d \
    --hash=sha256:2ce9e679f776649746729b6c86382da519ef649c8e34cc41df0d2e5e0f6c36d4 \
    --hash=sha256:2ef7eeb108c47ce7bcc9513e51bcb1bf57e8f483d52fce68a8642e3527141ae0 \
    --hash=sha256:3080a7fd38ef049bd489e01c970c97dd84ff446a885b0f1f6b26d9b1ad13ce11 \
    --hash=sha256:343a4504e3fb688c47cad451221ca5d4814f42b1e16c0065bde9cbf7f473bd52 \
    --hash=sha256:36aacfb15faaff3ced55afbf35ec72f50d4aee22082c4f7fe0573a33e2fca92e \
    --hash=sha256:3d3143f159261b1ce5b24c261c590e5913370c3200c5e9ebbb92b5aa5e111902 \
    --hash=sha256:40b34dd88658e4fedd2fddbf0275ac970d00614b731357f425722a3ed1983d11 \
    --hash=sha256:4458124d71339f505bf1fb94f69fd1bb8fa9d2481eebfef27c10ef4f2b9e12f6 \
    --hash=sha256:4896db1f4ce0576765b8272aa922df324e0f5b9bb2c3d03044ff32a7234a9aba \
    --hash=sha256:4a0530bb1b8c1c985e7e2122e2b4d3aedd8a3c21c6bfddae6767c4405668b56e \
    --hash=sha256:4aa5435cdb3eb6f55fe98a171b05e3fbcd95fadaa4aa32acf62afd9b0cfdbcac \
    --hash=sha256:4c3501bfa814ab07b5580741f9bf78dfdfe146a04057f82df9e2402d2a975939 \
    --hash=sha256:4e5413bd5f13d3a4e3539ca98f70f75e7fca92518dd7f117f030ebedd10b60cb \
    --hash=sha256:4e6883a021db30511d9fb8cfb0f222ce1f2c369f7d4d8b0448f449a93ba0bdfc \
    --hash=sha256:52579c60a6078be70a0e49c81d6e56d677f34cd439af281a0083b8c7bc75c095 \
    --hash=sha256:555497390743af1a65045fa4527782d10ff5b88970359412baa4a1e628fe393b \
    --hash=sha256:56ad4d9f77df871a99e25c37091052a02528ec0eb059de928ee33956b854b45b \
    --hash=sha256:571fde9741eb0ccde23dd4e0c1d50fbae910e901fa7e629faf39b2dda740d220 \
    --hash=sha256:572fc57b0009c735ee56c175ea021b637a15551a312f56734277f923d6fd0f6c \
    --hash=sha256:59787bd5f8c70aa339084e961d2996b53fbdeab4d5393bba5c1fe1fc32e02bae \
    --hash=sha256:5a2721c8720e2cb3c209925dfb9200199b4b07361c9e01d321719404b21458b3 \
    --hash=sha256:5cc26a66e212fa5d6c6170c3a40d99d888db3020c6fdab1523250d4341382e44 \
    --hash=sha256:5ebee1ee89c39c953baac6924fcde08c5bb427c4057510862f9d7c7bdb3d8665 \
    --hash=sha256:60be8693a1dadc210bbcbc0db3e26da5f7d01d1d5a3da594e99b4fa42df404f5 \
    --hash=sha256:618a0aed532be87294c4477b0481f3aa0f1520f4014a4374dd4cf789b4cd2c97 \
    --hash=sha256:61bb1bd45520aacd56dd80943bd34991fb5350afdd1f36f2282230fd5154a218 \
    --hash=sha256:6383cd2ed53a646c659ba1fe65727db76437fdaa069e697a0b44a51d5843d864 \
    --hash=sha256:64729333167c2dcaaa56a331d40ee097bd9c5617ffd51dabb09eaddafb1b532e \
    --hash=sha256:64b6ca7391a1395c2638dd5c7456d67bea44fc6c5e8e92c5dc8aa6a8f23292b4 \
    --hash=sha256:65dcd28d3eba2ab7c2fd906485cc301392b47cc2234790d27d4e4814e02cdfda \
    --hash=sha256:65fa6cb38ed5e9c3637e68e544f598b39c3b86b808ed0627a67b68320384b459 \
    --hash=sha256:66bd62c59a5427746e8c44becae1d9b99d22fb13f30f492083dfb9ad7c45cc18 \
    --hash=sha256:6e44c0e7c5664be20aee92085153150c0a7967310a73a43c0f832b7cd35d0dd3 \
    --hash=sha256:6f8c6e7a1cfa3dc9d0ee2de0e65e834537fa29992cc3976ffec914afc35c5dd5 \
    --hash=sha256:7322ec6cc9fba9d49ab888bb82d67ac5625627aa168f0165139b17018df3fb8a \
    --hash=sha256:73b133a9e6fb512858e7f065e96f1180aa46646bc74a83aea62f1d314f3dd035 \
    --hash=sha256:73f272fba87b8ccfe70a137d02a54af386f6d27aa509fbffdd978f5947aae1aa \
    --hash=sha256:7e77b324909c1617cbb4c668677e2c6ae13f44d7c1de0d4f15f2e3c10f3315b5 \
    --hash=sha256:80115dd39481fd3a4b4080220799dbcacb921a844de4b827264ececacbe17c78 \
    --hash=sha256:87ccab0db8d5f4fbb0272642113c1adb2ffc698c16d3a0944580222331fa7a20 \
    --hash=sha256:89dfee3319f5ae3f75ebd5c2445a809bb320252ba5529ffdafea4ef25d79cf1a \
    --hash=sha256:8ac59a0900474a52b7c04af8196affc22bd9842acb0950df12f7b813e983609a \
    --hash=sha256:8cae6fd77a5b72dae505084b1a2ee0360139faf72fedbab667cd7cc65aae7a6a \
    --hash=sha256:8d3469c91dd92ee41b7c95280edbd975ef1ba9195086686623a1c6e8935ce965 \
    --hash=sha256:90c633e7e8d6bf4e992b8b36ce69e018f834b641dd6de8cea6d78c06ffa119c5 \
    --hash=sha256:93db40c8de0815baab96a06e08a984bac71f989d13bab789e382158c5d426797 \
    --hash=sha256:9724e6cb5e478cd7d8cabf027826178739cb18cf0e117d0e32814d479fa02276 \
    --hash=sha256:98c6ac18480fcdb33f35439183f1d2e79760ab41930309c6d951cb1f8e46694c \
    --hash=sha256:9a15e785f244f3e07847b984ce8773fc3da10a9f3c131cc49a4c5b4d672b4547 \
    --hash=sha256:9b60d7814174f059e5de4ab98271cc5ba9259cfea55273a81544dceea32dc8d9 \
    --hash=sha256:9be2a6647740dd3cca6acb24e87f03d7632cd280dbce9bbe40c26353a215a45d \
    --hash=sha256:9c7472192ebfad53a6be7c4a8bfb2d64b81c0e93a1fc8c57e1dd0b638297b5d1 \
    --hash=sha256:9dce8ec9695f531a1b8a6f314fd4b393adcccf2ea861db480cdf97a301d01a68 \
    --hash=sha256:9e50d748a32da622f256e8d505867f5d3c43a837c6a9f0efb149655fadd1042a \
    --hash=sha256:a81758ed242b861b72e778ba34d41366441a2e10b16b472784c88da2dea7e2dd \
    --hash=sha256:ac777001cdfc28b72477d93c8564bb7583081ea8fb45cdca3d568e0a4f87183c \
    --hash=sha256:b2b506b1788df5fecd270a10d5e70a95fe77b87ea2b370a318043f6f5f817ee6 \
    --hash=sha256:b2ea4a3e8357be8849e833beeae757ac3c7a6b3fc055c03c808a53c91ad30d82 \
    --hash=sha256:bf1516fe58fc104f39b2d1dbe2d5e27d0cd45c4be2e42ba6ee0cc763701ec3c7 \
    --hash=sha256:c0d702548d89d572b2929879bc883bb7a4c4709efafe4512cadee56c55c9bd15 \
    --hash=sha256:c10b82c2634df08dfb13b1f04e38fe310d086ee092f4f69c0c8da234251e556e \
    --hash=sha256:c42572142ed0b9d5d261ba727157c426510da78e20828b66bbb855098b8a4e38 \
    --hash=sha256:c4585c3e64b4f9e583b4d2683f18f5d5d872b3d71dcf24594b74ecc23602fa96 \
    --hash=sha256:c639ea314df70a7b2811e8020448c75af8c9445f5a60f8a4ced81c306a9380c2 \
    --hash=sha256:c670fe7be5b6020b76bc6e8d2196074657e1327595bca93a389e1a76ab130ad8 \
    --hash=sha256:cc1b2440423a851fad781309dd87843868f4f66a6bcd1ddb9225cf4ec2c84732 \
    --hash=sha256:cd3584591ea4429026cdb931b054342c2bcf189b44ff367f8d5c15bc092a2966 \
    --hash=sha256:d15df07081d91b76ff20d43f94592ee110330152d617b730fdbe5ef9fb680053 \
    --hash=sha256:d19662dbedbe783d323196312d38f5ba53cf56296378252171985da6899887d3 \
    --hash=sha256:d24ecb4f5e009ea0bd275ee37ad9953b32005e2e5e60f8bbae16da0dbbf0d3a0 \
    --hash=sha256:d446c6ac40bb6e05025ccee55b84d80fe9bf8e93010ffc4bb9484f13d498835f \
    --hash=sha256:d51ffd3427640fa2da6ade574ceba932f210ad095f65fcc450a2b0a0d454868e \
    --hash=sha256:d6ce43a0269d68cee79a7d1ade7def53c20f8f2a047b92d7b5d5bcc73ae88327 \
    --hash=sha256:d721e53758b2cca74990185eb0671dd466d7a388a1a45d0c6f4c13cef41a68ac \
    --hash=sha256:d7da47a0f248977f08e2cb659ff3c17ddc13a4d39b3a7baa0a81bf5b415430f6 \
    --hash=sha256:db47b561c9afd884baa1f96f797c9ca369872c4b65912bc691cfa99e68340af2 \
    --hash=sha256:dbe6493fbd27321b1d1f2dd4f5c7e5bd4d8b1d7cab7f32fd67db3d0b2ed8248a \
    --hash=sha256:dbece16025afda5e3031af0c4059207e61dcf73ef13af844964f57f387d1c435 \
    --hash=sha256:ddd67571c10869f65a5d7dde536d1e066e306cc90de57d7de4d5f34802428bb5 \
    --hash=sha256:de9208bb427130c82a5dbfd104f92c8876fc9559278c880b3002755bbbe9c83d \
    --hash=sha256:e30d40268a28d54ce0437031750497004c22602b8e3ab891f759b795a003b312 \
    --hash=sha256:e8b0abe7d870f53ca5143895fef7d1041a0c831a140d3dc2c760dd7ba25d4a8b \
    --hash=sha256:f035d9dc1d25eff9d361456572231c7d27b5ccd473ca7dc0adfce732bd006d40 \
    --hash=sha256:f04b9f56b0e0614c0126be12c2c2d9f8850c1e57af302bd0a63bed379d4af974 \
    --hash=sha256:f0fa4fa9c3632d708742baf2282f2055c11d888a790362670a403cbf48a2c404 \
    --hash=sha256:f2e7f8e2ab6c2922be02c7ec45185aa5bd771e2e57b95455ee343a44d8130dff \
    --hash=sha256:f8f6fa298bb4f7f58a33334406218ba74716e68feddf5e4e54cd5d8082705abf \
    --hash=sha256:fbf300e2070bb35038660b3be1be4b91b0024edb41517e6996320b49b92b4175 \
    --hash=sha256:fce7760bf283405b2c7999cab3da4e72f7deca6396013115e3f7a955db9760da \
    --hash=sha256:fcee38cd8e5089d6d4f048ba1233b3ad76e5954f545382180889112ff5cb712d \
    --hash=sha256:fe31f28c94402043161876a258a9c6f757cb485905c7614ce8d6cd40e6b7bdc1 \
    --hash=sha256:ffd8893ccc1c2fce6e0d6ca402d716fe1b29db70c7132609a05955e31b2aa8f2
    # via transformers
rich==15.0.0 \
    --hash=sha256:33bd4ef74232fb73fe9279a257718407f169c09b78a87ad3d296f548e27de0bb \
    --hash=sha256:edd07a4824c6b40189fb7ac9bc4c52536e9780fbbfbddf6f1e2502c31b068c36
    # via typer
safetensors==0.8.0 \
    --hash=sha256:040070828e36dc8e122178bbbd5830ff9e97920affb84cbe0f46442497bed358 \
    --hash=sha256:096ec1a98435df7beb08853bb5aa9081a84f23d0adc67ed1a0a10550f608373f \
    --hash=sha256:2ddf52eac562eda224f99acfa7889d02968c1fd59a5b011ae7d8137c37e9c02d \
    --hash=sha256:3ae091f16662658bdc019a4ff6cb4c085bb7d725eb5978b183ffd265863b6d2d \
    --hash=sha256:4124502b78f03534117c848f87a39b8f31e577b15eff423bf8bfb95f2a8c30d0 \
    --hash=sha256:4a95ae2b05d7726d751da4ebf626a2ca782b706e101bd894c95bc2450b1cffcc \
    --hash=sha256:7a46e5ff292c356d6991e60942ba7f79817682d3a2cef0702136448cb9c4d235 \
    --hash=sha256:7bc0a787ba8a35be368ee3574edfa2b1ad389eebd0a72e482ae275490e3f6c98 \
    --hash=sha256:87eec7ffed2b809f05a398a8becb7d013f19f7837cd15d9748580d6cf30dbaf4 \
    --hash=sha256:8e080062fcde23be189565e1c3305d16751a218ecf9412c8601e64204eb6f846 \
    --hash=sha256:8e9f537aa183a38ace122d27303dcd986b26bd2a7591f9181d7f0c396f4677ca \
    --hash=sha256:c554f85858e05226d3c2828e32395e677434685d6d94594a41643361c5e837f0 \
    --hash=sha256:c80201d22cbf405b80647a60ada77bba06c8fba2da2743ba1e89cdcc39a81f25 \
    --hash=sha256:f7838e5135a406ad3e02efdcb8cf2e5397d368b0154537c4fec682dbc544d452 \
    --hash=sha256:fabaf3e0f18a6618d9b36560682562157f77c2b71fcffc7b432be2baed9d753d \
    --hash=sha256:fcdd41ec4628fee5799f807c73c353629130fbd942aa23d83c623dd6c9d52d78 \
    --hash=sha256:fd6f3f93c9a0a7cc2788ee63fb763353d4bd2e89b0751bc78fcf7dda00bea774
    # via
    #   -r requirements/cuda126.in
    #   transformers
setuptools==81.0.0 \
    --hash=sha256:487b53915f52501f0a79ccfd0c02c165ffe06631443a886740b91af4b7a5845a \
    --hash=sha256:fdd925d5c5d9f62e4b74b30d6dd7828ce236fd6ed998a08d81de62ce5a6310d6
    # via torch
shellingham==1.5.4 \
    --hash=sha256:7ecfff8f2fd72616f7481040475a65b2bf8af90a56c89140852d1120324e8686 \
    --hash=sha256:8dbca0739d487e5bd35ab3ca4b36e11c4078f3a234bfce294b0a0291363404de
    # via typer
sympy==1.14.0 \
    --hash=sha256:d3d3fe8df1e5a0b42f0e7bdf50541697dbe7d23746e894990c030e2b05e72517 \
    --hash=sha256:e091cc3e99d2141a0ba2847328f5479b05d94a6635cb96148ccb3f34671bd8f5
    # via torch
tokenizers==0.23.1 \
    --hash=sha256:120468fb4c24faf0543c835a4fabafa4deb3f20a035c9b6e83d0b553a97615d4 \
    --hash=sha256:1974288a609c343774f1b897c8b482c791ab17b75ab5c8c2b1737565c1d82288 \
    --hash=sha256:1bf13402aff9bc533c89cb849ec3b412dc3fbeacc9744840e423d7bf3f7dc0e3 \
    --hash=sha256:1feeeadf865a7915adc25445dea30e9933e593c31bb96c277cee36de227c8bfa \
    --hash=sha256:5075b405006415ea148a992d093699c66eb01952bf59f4d5727089a98bda45a4 \
    --hash=sha256:53b09e85775d5187941e7bab30e941b4134ab4a7dd8c68e783d231fb7ca27c51 \
    --hash=sha256:56f3a77de629917652f876294dc9fe6bad4a0c43bc229dc72e59bb23a0f4729a \
    --hash=sha256:93120a930b919416da7cd10a2f606ac9919cc69cacae7980fa2140e277660948 \
    --hash=sha256:9d10a6d957ef01896dc274e890eee27d41bd0e74ef31e60616f0fc311345184e \
    --hash=sha256:a26197957d8e4425dfba746315f3c425ea00cfa8367c5fbc4ec73447893dcea9 \
    --hash=sha256:ae848657742035523fdf261773630cb819a26995fcd3d9ecae0c1daf6e5a4959 \
    --hash=sha256:e03d6ffcbe0d56ee9c1ccd070e70a13fa750727c0277e138152acbc0252c2224 \
    --hash=sha256:e0948bbb1ac1d7cdfc9fb6d62c596e3b7550036ad60ecd654a66ad273326324e \
    --hash=sha256:e3d8f40ea6268047de7046906326abed5134f27d4e8447b23763afe5808c8a96 \
    --hash=sha256:e7bfaf995c1bdbbd21d13539decb6650967013759318627d85daeb7881af16b7 \
    --hash=sha256:ea5a0ce170074329faaa8ea3f6400ecde604b6678192688533af80980daae71a \
    --hash=sha256:f836ca703b89ae07919a309f9651f7a88fd5a33d5f718ba5ad0870ec0256bad6
    # via transformers
torch==2.11.0+cu126 \
    --hash=sha256:09083ecca5f6f6214b021d12c971763267cd1270df9ffcbb6291c815c483b1a0 \
    --hash=sha256:114d1cbab7de92bad7f7767d83b3e1bff2016331964d26c90a5f9a38b80b58a6 \
    --hash=sha256:12f7f1b73ba522576ea2050fbe2dc720a30cf681c73b8ea2d4f5480d66fad8f3 \
    --hash=sha256:146a8016c5abba673ea8af7d78e45e297b23e1f53c2a6749418a7c94f5d8d9ed \
    --hash=sha256:1b7d728ddcf84b12f64ca10ec5f6ce91dd9edcc5e62ed5f0a7260ca00f029e8b \
    --hash=sha256:36ae7e5522b86e5d74d70f0c1a5b32eda3a0ae1635749060d0335a8856c778ea \
    --hash=sha256:3b4deea8cb01bf8f336ac8f87298f67a44835044f24deea8e0dc2d33f5d3f68d \
    --hash=sha256:3bbbfc7ed16d878aef9b91a8e78c033bf131ffb8357e23ff80911210683a31b3 \
    --hash=sha256:478ba5a57cba329f6878cf4c9bf6baa21c17c2e2b39784e0f7d3ee56b10a85a7 \
    --hash=sha256:47adcccf4de0fdb4a1550f477d919daec74f1007d15d939acfcef3080d26f9ec \
    --hash=sha256:561ac0b9041f43c6acb927526f892cd64304eff8725536be0d86e27992588ab3 \
    --hash=sha256:5f6e2a5709876dd25a5fe0d4f0ab1ef33b33bb60431fcbfe768ab6468dcfe88a \
    --hash=sha256:6f17bf3cc27463f0a0a9dd8e2312737551833948ca24099264bfed7295ad3669 \
    --hash=sha256:7945e39fe82b85d7d018f68085ffaa6c5305a1634adb0bc792d835953b36fc9b \
    --hash=sha256:9235c0c2f5032d1f8af75dd97493f3ad12aaedf81c0f3fab2d13c1d90bc54ff9 \
    --hash=sha256:9bef6e2c04c24163bf0cafab82ee2aecdf503b1817f936e1e6f5c652231b06f1 \
    --hash=sha256:a992bf8b3f2f4a8e0f2caf204ea1b1206466535eb485d4f61caf69a881e2fae7 \
    --hash=sha256:ce9aeead7950ae8eb48891568f9314a9a4130996b55e797c75e0c0d2846714ae \
    --hash=sha256:d0bd014a512f6e12ede57857d4c9a07056104c983b4a703672e9e4114f0bf414 \
    --hash=sha256:dc05f49d97c04a32d139df19d77209ceca3c484083f0db1dc332f168a19ef8d8 \
    --hash=sha256:e0e31c656a407c11164d2d9257e31773562ca9ad82f755851dac511d48e9fc4d
    # via -r requirements/cuda126.in
tqdm==4.70.0 \
    --hash=sha256:55b0b0dbd97462d06ebee91e4dac24ed4d4702be82b24f07e6c1d27e08cea220 \
    --hash=sha256:7f585706bfddbdebf89daac705b2dfcc16890130727d3197ca62c732b4310953
    # via
    #   huggingface-hub
    #   transformers
transformers==5.16.1 \
    --hash=sha256:17b0eac726ddc55e84ac58946063e0c6d37fd000c456b581f050ea0f4e822869 \
    --hash=sha256:2f2d5b98a5ad3718713653734298fa620754ed683702a635ebb587df3ed29c7e
    # via -r requirements/cuda126.in
triton==3.6.0 \
    --hash=sha256:0075039ff27765480083b1a109999bf27110f3542f1f9fad95f0f9065a36da79 \
    --hash=sha256:20ed2f770f7217b8a994cba99e7cac37e7be735a3991344990b80ab4fea964c4 \
    --hash=sha256:290687f4f310ce794a07d6a43fa94dea9bda86615bf04578533378503bed715a \
    --hash=sha256:29ff9ec4c96f405bf2735c531af27f8cc2215927440e52fb1fbc8014961d5d12 \
    --hash=sha256:58d57d6796b0004076315433526fe9d4af42044d430afdee1e6cd42a76bd6d09 \
    --hash=sha256:621c0e5973d834507ec69dcf909f35f0b02c5df490fde100433cef83359b7eeb \
    --hash=sha256:6e42d084864d12b8784736fe51a0cd05f6cc56775b25c8102c9d80c421f4e298 \
    --hash=sha256:6f5928e6d44c34a97bbe164cceddc0ef2007121c89ebcfba5415cf452de7ee9f \
    --hash=sha256:72d6b3eeaa13444ca29ba65d55fc57b6411373a2b8e619f63ae5962d3d9ea249 \
    --hash=sha256:89b87d2837849a9bcd3d960ad2e3dac0345c6e1359b9859e29f68083cbda9b1d \
    --hash=sha256:a2d0b7b9b4f29ade31cf7bd7c237b50d270a2487cf943d034b307a9b3f73d9c7 \
    --hash=sha256:a619c81f8e77116b1d10aec34d62db72daa5c0fb70a6478c9afab25edb729c52 \
    --hash=sha256:b6d800bda666ebbe7ec2146e3f5eb271ee87f8fac724011dc7f25dee9bfb5f7f \
    --hash=sha256:e021e87e8f266c6f87bf379b669c43c2800aac6247bdf5d518cb553e3c403c00
    # via torch
typer==0.27.1 \
    --hash=sha256:53150287edd11baeb4e4722c8e394fcdf8181c0ae89485cba8d25c778d5edd56 \
    --hash=sha256:a79bef8469a79c45498e7b814ecf8d603cc7644e9acbd9e19cac0334240b18df
    # via transformers
typing-extensions==4.16.0 \
    --hash=sha256:481caa481374e813c1b176ada14e97f1f67a4539ce9cfeb3f350d78d6370c2e8 \
    --hash=sha256:dc983d19a509c94dba722ee6abd33940f7c05a89e243c47e907eb4db6f1a43e5
    # via
    #   anyio
    #   apache-tvm-ffi
    #   huggingface-hub
    #   torch
